
Microsoft Visual Studio Solution File, Format Version 12.00
# Visual Studio Version 17
VisualStudioVersion = 17.8.34322.80
MinimumVisualStudioVersion = 10.0.40219.1
Project("{FAE04EC0-301F-11D3-BF4B-00C04F79EFBC}") = "Ecommerce", "Ecommerce\Ecommerce.csproj", "{788DC874-7E86-4DC8-AFFE-1058BEEE11C6}"
EndProject
Global
	GlobalSection(SolutionConfigurationPlatforms) = preSolution
		Debug|Any CPU = Debug|Any CPU
		Release|Any CPU = Release|Any CPU
	EndGlobalSection
	GlobalSection(ProjectConfigurationPlatforms) = postSolution
		{788DC874-7E86-4DC8-AFFE-1058BEEE11C6}.Debug|Any CPU.ActiveCfg = Debug|Any CPU
		{788DC874-7E86-4DC8-AFFE-1058BEEE11C6}.Debug|Any CPU.Build.0 = Debug|Any CPU
		{788DC874-7E86-4DC8-AFFE-1058BEEE11C6}.Release|Any CPU.ActiveCfg = Release|Any CPU
		{788DC874-7E86-4DC8-AFFE-1058BEEE11C6}.Release|Any CPU.Build.0 = Release|Any CPU
	EndGlobalSection
	GlobalSection(SolutionProperties) = preSolution
		HideSolutionNode = FALSE
	EndGlobalSection
	GlobalSection(ExtensibilityGlobals) = postSolution
		SolutionGuid = {497B981A-F2EC-46CE-AD99-ABDA627F6534}
	EndGlobalSection
EndGlobal
